<?xml version="1.0" encoding="utf-8"?>
<Project ToolsVersion="4.0" xmlns="http://schemas.microsoft.com/developer/msbuild/2003">
  <ItemGroup>
    <Filter Include="Source Files">
      <UniqueIdentifier>{4FC737F1-C7A5-4376-A066-2A32D752A2FF}</UniqueIdentifier>
      <Extensions>cpp;c;cc;cxx;c++;cppm;ixx;def;odl;idl;hpj;bat;asm;asmx</Extensions>
    </Filter>
    <Filter Include="Header Files">
      <UniqueIdentifier>{93995380-89BD-4b04-88EB-625FBE52EBFB}</UniqueIdentifier>
      <Extensions>h;hh;hpp;hxx;h++;hm;inl;inc;ipp;xsd</Extensions>
    </Filter>
    <Filter Include="Resource Files">
      <UniqueIdentifier>{67DA6AB6-F800-4c08-8B7A-83BB121AAD01}</UniqueIdentifier>
      <Extensions>rc;ico;cur;bmp;dlg;rc2;rct;bin;rgs;gif;jpg;jpeg;jpe;resx;tiff;tif;png;wav;mfcribbon-ms</Extensions>
    </Filter>
  </ItemGroup>
  <ItemGroup>
    <ClCompile Include="src\Main.cpp">
      <Filter>Source Files</Filter>
    </ClCompile>
    <ClCompile Include="src\Core\Managers\Game.cpp">
      <Filter>Source Files</Filter>
    </ClCompile>
    <ClCompile Include="src\Core\Managers\InputManager.cpp">
      <Filter>Source Files</Filter>
    </ClCompile>
    <ClCompile Include="src\Core\Object.cpp">
      <Filter>Source Files</Filter>
    </ClCompile>
    <ClCompile Include="src\Core\Component.cpp">
      <Filter>Source Files</Filter>
    </ClCompile>
    <ClCompile Include="src\Factories\ItemFactory.cpp">
      <Filter>Source Files</Filter>
    </ClCompile>
    <ClCompile Include="src\Components\Renderers\SpriteRenderer.cpp">
      <Filter>Source Files</Filter>
    </ClCompile>
    <ClCompile Include="src\Core\Utility\Vector2.cpp">
      <Filter>Source Files</Filter>
    </ClCompile>
    <ClCompile Include="src\Factories\EnvironmentFactory.cpp">
      <Filter>Source Files</Filter>
    </ClCompile>
    <ClCompile Include="src\Core\Utility\Bounds.cpp">
      <Filter>Source Files</Filter>
    </ClCompile>
    <ClCompile Include="src\Components\Collider.cpp">
      <Filter>Source Files</Filter>
    </ClCompile>
    <ClCompile Include="src\Components\Drag.cpp">
      <Filter>Source Files</Filter>
    </ClCompile>
    <ClCompile Include="src\Components\Item.cpp">
      <Filter>Source Files</Filter>
    </ClCompile>
    <ClCompile Include="src\Managers\CustomerManager.cpp">
      <Filter>Source Files</Filter>
    </ClCompile>
    <ClCompile Include="src\Components\Customer.cpp">
      <Filter>Source Files</Filter>
    </ClCompile>
    <ClCompile Include="src\Components\Renderers\Renderer.cpp">
      <Filter>Source Files</Filter>
    </ClCompile>
    <ClCompile Include="src\Core\Utility\Math.cpp">
      <Filter>Source Files</Filter>
    </ClCompile>
    <ClCompile Include="src\Components\CustomerAnimator.cpp">
      <Filter>Source Files</Filter>
    </ClCompile>
    <ClCompile Include="src\Components\Sticker\StickerPrinter.cpp">
      <Filter>Source Files</Filter>
    </ClCompile>
    <ClCompile Include="src\Factories\StickerPrinterFactory.cpp">
      <Filter>Source Files</Filter>
    </ClCompile>
    <ClCompile Include="src\Components\Sticker\PrinterKey.cpp">
      <Filter>Source Files</Filter>
    </ClCompile>
    <ClCompile Include="src\Factories\StickerFactory.cpp">
      <Filter>Source Files</Filter>
    </ClCompile>
    <ClCompile Include="src\Components\Renderers\TextRenderer.cpp">
      <Filter>Source Files</Filter>
    </ClCompile>
    <ClCompile Include="src\Components\Sticker\Sticker.cpp">
      <Filter>Source Files</Filter>
    </ClCompile>
    <ClCompile Include="src\Managers\DialogueManager.cpp">
      <Filter>Source Files</Filter>
    </ClCompile>
  </ItemGroup>
  <ItemGroup>
    <ClInclude Include="include\Core\Managers\Game.h">
      <Filter>Header Files</Filter>
    </ClInclude>
    <ClInclude Include="include\Core\Managers\InputManager.h">
      <Filter>Header Files</Filter>
    </ClInclude>
    <ClInclude Include="include\Core\Object.h">
      <Filter>Header Files</Filter>
    </ClInclude>
    <ClInclude Include="include\Core\Component.h">
      <Filter>Header Files</Filter>
    </ClInclude>
    <ClInclude Include="include\Components\Renderers\SpriteRenderer.h">
      <Filter>Header Files</Filter>
    </ClInclude>
    <ClInclude Include="include\Factories\ItemFactory.h">
      <Filter>Header Files</Filter>
    </ClInclude>
    <ClInclude Include="include\Core\Utility\Vector2.h">
      <Filter>Header Files</Filter>
    </ClInclude>
    <ClInclude Include="include\Factories\EnvironmentFactory.h">
      <Filter>Header Files</Filter>
    </ClInclude>
    <ClInclude Include="include\Core\Utility\Bounds.h">
      <Filter>Header Files</Filter>
    </ClInclude>
    <ClInclude Include="include\Components\Collider.h">
      <Filter>Header Files</Filter>
    </ClInclude>
    <ClInclude Include="include\Data\ItemData.h">
      <Filter>Header Files</Filter>
    </ClInclude>
    <ClInclude Include="include\Components\Drag.h">
      <Filter>Header Files</Filter>
    </ClInclude>
    <ClInclude Include="include\Components\Item.h">
      <Filter>Header Files</Filter>
    </ClInclude>
    <ClInclude Include="include\Managers\CustomerManager.h">
      <Filter>Header Files</Filter>
    </ClInclude>
    <ClInclude Include="include\Components\Customer.h">
      <Filter>Header Files</Filter>
    </ClInclude>
    <ClInclude Include="include\Data\CharacterData.h">
      <Filter>Header Files</Filter>
    </ClInclude>
    <ClInclude Include="include\Components\Renderers\Renderer.h">
      <Filter>Header Files</Filter>
    </ClInclude>
    <ClInclude Include="include\Core\Utility\Math.h">
      <Filter>Header Files</Filter>
    </ClInclude>
    <ClInclude Include="include\Components\CustomerAnimator.h">
      <Filter>Header Files</Filter>
    </ClInclude>
    <ClInclude Include="include\Components\Sticker\StickerPrinter.h">
      <Filter>Header Files</Filter>
    </ClInclude>
    <ClInclude Include="include\Factories\StickerPrinterFactory.h">
      <Filter>Header Files</Filter>
    </ClInclude>
    <ClInclude Include="include\Data\PrinterKeyData.h">
      <Filter>Header Files</Filter>
    </ClInclude>
    <ClInclude Include="include\Components\Sticker\PrinterKey.h">
      <Filter>Header Files</Filter>
    </ClInclude>
    <ClInclude Include="include\Factories\StickerFactory.h">
      <Filter>Header Files</Filter>
    </ClInclude>
    <ClInclude Include="include\Components\Renderers\TextRenderer.h">
      <Filter>Header Files</Filter>
    </ClInclude>
    <ClInclude Include="include\Components\Sticker\Sticker.h">
      <Filter>Header Files</Filter>
    </ClInclude>
    <ClInclude Include="include\Managers\DialogueManager.h">
      <Filter>Header Files</Filter>
    </ClInclude>
    <ClInclude Include="include\Data\Role.h">
      <Filter>Header Files</Filter>
    </ClInclude>
  </ItemGroup>
  <ItemGroup>
    <Image Include="assets\sprites\placeholder.png">
      <Filter>Resource Files</Filter>
    </Image>
    <Image Include="assets\sprites\layout\counter.png">
      <Filter>Resource Files</Filter>
    </Image>
    <Image Include="assets\sprites\layout\dialogue_box.png">
      <Filter>Resource Files</Filter>
    </Image>
    <Image Include="assets\sprites\layout\outside.png">
      <Filter>Resource Files</Filter>
    </Image>
    <Image Include="assets\sprites\layout\receive_region.png">
      <Filter>Resource Files</Filter>
    </Image>
    <Image Include="assets\sprites\layout\send_region.png">
      <Filter>Resource Files</Filter>
    </Image>
    <Image Include="assets\sprites\layout\storage.png">
      <Filter>Resource Files</Filter>
    </Image>
    <Image Include="assets\sprites\characters\dummy\dummy_torso.png">
      <Filter>Resource Files</Filter>
    </Image>
    <Image Include="assets\sprites\characters\dummy\dummy_head.png">
      <Filter>Resource Files</Filter>
    </Image>
    <Image Include="assets\sprites\objects\sticker_printer\printer_key_0.png">
      <Filter>Resource Files</Filter>
    </Image>
    <Image Include="assets\sprites\objects\sticker_printer\printer_key_5.png">
      <Filter>Resource Files</Filter>
    </Image>
    <Image Include="assets\sprites\objects\sticker_printer\printer_key_6.png">
      <Filter>Resource Files</Filter>
    </Image>
    <Image Include="assets\sprites\objects\sticker_printer\printer_key_7.png">
      <Filter>Resource Files</Filter>
    </Image>
    <Image Include="assets\sprites\objects\sticker_printer\printer_key_8.png">
      <Filter>Resource Files</Filter>
    </Image>
    <Image Include="assets\sprites\objects\sticker_printer\printer_key_9.png">
      <Filter>Resource Files</Filter>
    </Image>
    <Image Include="assets\sprites\objects\sticker_printer\printer_key_10.png">
      <Filter>Resource Files</Filter>
    </Image>
    <Image Include="assets\sprites\objects\sticker_printer\printer_key_1.png">
      <Filter>Resource Files</Filter>
    </Image>
    <Image Include="assets\sprites\objects\sticker_printer\printer_key_2.png">
      <Filter>Resource Files</Filter>
    </Image>
    <Image Include="assets\sprites\objects\sticker_printer\printer_key_3.png">
      <Filter>Resource Files</Filter>
    </Image>
    <Image Include="assets\sprites\objects\sticker_printer\printer_key_4.png">
      <Filter>Resource Files</Filter>
    </Image>
    <Image Include="assets\sprites\objects\sticker_printer\sticker_printer.png">
      <Filter>Resource Files</Filter>
    </Image>
    <Image Include="assets\sprites\objects\stickers\long_sticker.png">
      <Filter>Resource Files</Filter>
    </Image>
    <Image Include="assets\sprites\objects\stickers\short_sticker.png">
      <Filter>Resource Files</Filter>
    </Image>
    <Image Include="assets\sprites\objects\stickers\sticker.png">
      <Filter>Resource Files</Filter>
    </Image>
  </ItemGroup>
  <ItemGroup>
    <None Include="assets\data\item_data_map.json" />
    <None Include="packages.config" />
    <None Include=".gitattributes" />
    <None Include=".gitignore" />
    <None Include="README.md" />
    <None Include="assets\data\character_list.json" />
    <None Include="assets\data\dialogue_map.json" />
  </ItemGroup>
  <ItemGroup>
    <Font Include="assets\hypnoverse.ttf" />
  </ItemGroup>
</Project>